
Microsoft Visual Studio Solution File, Format Version 12.00
# Visual Studio Version 16
VisualStudioVersion = 16.0.30717.126
MinimumVisualStudioVersion = 10.0.40219.1
Project("{9A19103F-16F7-4668-BE54-9A1E7A4F7556}") = "Lightning", "Lightning\Lightning.csproj", "{44918A69-E063-480C-8025-F637E78BBB47}"
EndProject
Global
	GlobalSection(SolutionConfigurationPlatforms) = preSolution
		Debug|Any CPU = Debug|Any CPU
		Release|Any CPU = Release|Any CPU
	EndGlobalSection
	GlobalSection(ProjectConfigurationPlatforms) = postSolution
		{44918A69-E063-480C-8025-F637E78BBB47}.Debug|Any CPU.ActiveCfg = Debug|Any CPU
		{44918A69-E063-480C-8025-F637E78BBB47}.Debug|Any CPU.Build.0 = Debug|Any CPU
		{44918A69-E063-480C-8025-F637E78BBB47}.Release|Any CPU.ActiveCfg = Release|Any CPU
		{44918A69-E063-480C-8025-F637E78BBB47}.Release|Any CPU.Build.0 = Release|Any CPU
	EndGlobalSection
	GlobalSection(SolutionProperties) = preSolution
		HideSolutionNode = FALSE
	EndGlobalSection
	GlobalSection(ExtensibilityGlobals) = postSolution
		SolutionGuid = {7B4D72AE-2E6F-4C3E-8356-29D4A562DCE7}
	EndGlobalSection
EndGlobal
